{
  "name": "network-speedtest-web",
  "version": "1.0.0",
  "lockfileVersion": 3,
  "requires": true,
  "packages": {
    "": {
      "name": "network-speedtest-web",
      "version": "1.0.0",
      "dependencies": {
        "@m-lab/ndt7": "^0.1.4"
      }
    },
    "node_modules/@m-lab/ndt7": {
      "version": "0.1.4",
      "resolved": "https://registry.npmjs.org/@m-lab/ndt7/-/ndt7-0.1.4.tgz",
      "integrity": "sha512-WKPjtAQr3FHue3HUixbiE4UoE3EHhcpbaahcyljHjp5Oto4648951YcAyZ/56vvFFf2f+UsXjYLYvWCBbw/Dyg==",
      "license": "Apache-2.0",
      "engines": {
        "node": ">=18"
      }
    }
  }
}
